
Microsoft Visual Studio Solution File, Format Version 12.00
# Visual Studio Version 16
VisualStudioVersion = 16.0.29123.88
MinimumVisualStudioVersion = 10.0.40219.1
Project("{9A19103F-16F7-4668-BE54-9A1E7A4F7556}") = "Kafka.Infra.Data", "Kafka.Infra.Data\Kafka.Infra.Data.csproj", "{965856A4-6662-4088-9F5C-129012306252}"
EndProject
Project("{2150E333-8FDC-42A3-9474-1A3956D46DE8}") = "3.1 - Data", "3.1 - Data", "{6902C858-41C5-435F-892C-D7897CA507BF}"
EndProject
Project("{2150E333-8FDC-42A3-9474-1A3956D46DE8}") = "3 - Infra", "3 - Infra", "{F4758E7E-771B-4681-B471-C00607DA57E3}"
EndProject
Project("{2150E333-8FDC-42A3-9474-1A3956D46DE8}") = "2 - Domain", "2 - Domain", "{790EF633-6687-4349-82A7-DD30375055D3}"
EndProject
Project("{9A19103F-16F7-4668-BE54-9A1E7A4F7556}") = "Kafka.Domain.Core", "Kafka.Domain.Core\Kafka.Domain.Core.csproj", "{44CC763E-B53F-4C7A-84DB-270DB91DE33E}"
EndProject
Project("{9A19103F-16F7-4668-BE54-9A1E7A4F7556}") = "Kafka.Domain", "Kafka.Domain\Kafka.Domain.csproj", "{082F51F3-6269-4795-8ED7-493327EB28C4}"
EndProject
Project("{2150E333-8FDC-42A3-9474-1A3956D46DE8}") = "1 - Services", "1 - Services", "{86335D36-40F0-4A61-B2F9-45CE6DEC7904}"
EndProject
Project("{2150E333-8FDC-42A3-9474-1A3956D46DE8}") = "3.2 - CrossCutting", "3.2 - CrossCutting", "{F2A54CCC-8277-4A22-89DC-F55F7549A421}"
EndProject
Project("{9A19103F-16F7-4668-BE54-9A1E7A4F7556}") = "Kafka.Infra.CrossCutting.IoC", "Kafka.Infra.CrossCutting.IoC\Kafka.Infra.CrossCutting.IoC.csproj", "{E22E3C1F-9E21-42AD-A0BB-4F9DE31380E7}"
EndProject
Project("{9A19103F-16F7-4668-BE54-9A1E7A4F7556}") = "Kafka.Infra.CrossCutting.Identity", "Kafka.Infra.CrossCutting.Identity\Kafka.Infra.CrossCutting.Identity.csproj", "{4AB1915A-3418-469B-8EF2-D26281C7B331}"
EndProject
Project("{2150E333-8FDC-42A3-9474-1A3956D46DE8}") = "4 - Tests", "4 - Tests", "{5B4FED48-A3CD-444B-BF8F-169CE07C2900}"
EndProject
Project("{9A19103F-16F7-4668-BE54-9A1E7A4F7556}") = "Kafka.Tests.AutomatizationTests", "Kafka.Tests.AutomatizationTests\Kafka.Tests.AutomatizationTests.csproj", "{E58D0F7E-253B-4492-A6FD-DB5F66755B58}"
EndProject
Project("{9A19103F-16F7-4668-BE54-9A1E7A4F7556}") = "Kafka.Services.API", "Kafka.Services.API\Kafka.Services.API.csproj", "{4757725B-0780-4B82-A53A-E1B9E3FDC6EF}"
EndProject
Project("{9A19103F-16F7-4668-BE54-9A1E7A4F7556}") = "Kafka.Infra.CrossCutting.VM", "Kafka.Infra.CrossCutting.VM\Kafka.Infra.CrossCutting.VM.csproj", "{C4343939-D778-4EE6-9151-DA9B8072D8BA}"
EndProject
Project("{9A19103F-16F7-4668-BE54-9A1E7A4F7556}") = "Kafka.Tests", "Kafka.Tests\Kafka.Tests.csproj", "{646601B9-B691-4228-AFAC-E9C2066A609F}"
EndProject
Project("{FAE04EC0-301F-11D3-BF4B-00C04F79EFBC}") = "Kafka.Infra.CrossCutting.Kafka", "Kafka.Infra.CrossCutting.Kafka\Kafka.Infra.CrossCutting.Kafka.csproj", "{4DA0995E-D6B9-44E8-AEC1-B043B778C161}"
EndProject
Global
	GlobalSection(SolutionConfigurationPlatforms) = preSolution
		Debug|Any CPU = Debug|Any CPU
		Release|Any CPU = Release|Any CPU
	EndGlobalSection
	GlobalSection(ProjectConfigurationPlatforms) = postSolution
		{965856A4-6662-4088-9F5C-129012306252}.Debug|Any CPU.ActiveCfg = Debug|Any CPU
		{965856A4-6662-4088-9F5C-129012306252}.Debug|Any CPU.Build.0 = Debug|Any CPU
		{965856A4-6662-4088-9F5C-129012306252}.Release|Any CPU.ActiveCfg = Release|Any CPU
		{965856A4-6662-4088-9F5C-129012306252}.Release|Any CPU.Build.0 = Release|Any CPU
		{44CC763E-B53F-4C7A-84DB-270DB91DE33E}.Debug|Any CPU.ActiveCfg = Debug|Any CPU
		{44CC763E-B53F-4C7A-84DB-270DB91DE33E}.Debug|Any CPU.Build.0 = Debug|Any CPU
		{44CC763E-B53F-4C7A-84DB-270DB91DE33E}.Release|Any CPU.ActiveCfg = Release|Any CPU
		{44CC763E-B53F-4C7A-84DB-270DB91DE33E}.Release|Any CPU.Build.0 = Release|Any CPU
		{082F51F3-6269-4795-8ED7-493327EB28C4}.Debug|Any CPU.ActiveCfg = Debug|Any CPU
		{082F51F3-6269-4795-8ED7-493327EB28C4}.Debug|Any CPU.Build.0 = Debug|Any CPU
		{082F51F3-6269-4795-8ED7-493327EB28C4}.Release|Any CPU.ActiveCfg = Release|Any CPU
		{082F51F3-6269-4795-8ED7-493327EB28C4}.Release|Any CPU.Build.0 = Release|Any CPU
		{E22E3C1F-9E21-42AD-A0BB-4F9DE31380E7}.Debug|Any CPU.ActiveCfg = Debug|Any CPU
		{E22E3C1F-9E21-42AD-A0BB-4F9DE31380E7}.Debug|Any CPU.Build.0 = Debug|Any CPU
		{E22E3C1F-9E21-42AD-A0BB-4F9DE31380E7}.Release|Any CPU.ActiveCfg = Release|Any CPU
		{E22E3C1F-9E21-42AD-A0BB-4F9DE31380E7}.Release|Any CPU.Build.0 = Release|Any CPU
		{4AB1915A-3418-469B-8EF2-D26281C7B331}.Debug|Any CPU.ActiveCfg = Debug|Any CPU
		{4AB1915A-3418-469B-8EF2-D26281C7B331}.Debug|Any CPU.Build.0 = Debug|Any CPU
		{4AB1915A-3418-469B-8EF2-D26281C7B331}.Release|Any CPU.ActiveCfg = Release|Any CPU
		{4AB1915A-3418-469B-8EF2-D26281C7B331}.Release|Any CPU.Build.0 = Release|Any CPU
		{E58D0F7E-253B-4492-A6FD-DB5F66755B58}.Debug|Any CPU.ActiveCfg = Debug|Any CPU
		{E58D0F7E-253B-4492-A6FD-DB5F66755B58}.Debug|Any CPU.Build.0 = Debug|Any CPU
		{E58D0F7E-253B-4492-A6FD-DB5F66755B58}.Release|Any CPU.ActiveCfg = Release|Any CPU
		{E58D0F7E-253B-4492-A6FD-DB5F66755B58}.Release|Any CPU.Build.0 = Release|Any CPU
		{4757725B-0780-4B82-A53A-E1B9E3FDC6EF}.Debug|Any CPU.ActiveCfg = Debug|Any CPU
		{4757725B-0780-4B82-A53A-E1B9E3FDC6EF}.Debug|Any CPU.Build.0 = Debug|Any CPU
		{4757725B-0780-4B82-A53A-E1B9E3FDC6EF}.Release|Any CPU.ActiveCfg = Release|Any CPU
		{4757725B-0780-4B82-A53A-E1B9E3FDC6EF}.Release|Any CPU.Build.0 = Release|Any CPU
		{C4343939-D778-4EE6-9151-DA9B8072D8BA}.Debug|Any CPU.ActiveCfg = Debug|Any CPU
		{C4343939-D778-4EE6-9151-DA9B8072D8BA}.Debug|Any CPU.Build.0 = Debug|Any CPU
		{C4343939-D778-4EE6-9151-DA9B8072D8BA}.Release|Any CPU.ActiveCfg = Release|Any CPU
		{C4343939-D778-4EE6-9151-DA9B8072D8BA}.Release|Any CPU.Build.0 = Release|Any CPU
		{646601B9-B691-4228-AFAC-E9C2066A609F}.Debug|Any CPU.ActiveCfg = Debug|Any CPU
		{646601B9-B691-4228-AFAC-E9C2066A609F}.Debug|Any CPU.Build.0 = Debug|Any CPU
		{646601B9-B691-4228-AFAC-E9C2066A609F}.Release|Any CPU.ActiveCfg = Release|Any CPU
		{646601B9-B691-4228-AFAC-E9C2066A609F}.Release|Any CPU.Build.0 = Release|Any CPU
		{4DA0995E-D6B9-44E8-AEC1-B043B778C161}.Debug|Any CPU.ActiveCfg = Debug|Any CPU
		{4DA0995E-D6B9-44E8-AEC1-B043B778C161}.Debug|Any CPU.Build.0 = Debug|Any CPU
		{4DA0995E-D6B9-44E8-AEC1-B043B778C161}.Release|Any CPU.ActiveCfg = Release|Any CPU
		{4DA0995E-D6B9-44E8-AEC1-B043B778C161}.Release|Any CPU.Build.0 = Release|Any CPU
	EndGlobalSection
	GlobalSection(SolutionProperties) = preSolution
		HideSolutionNode = FALSE
	EndGlobalSection
	GlobalSection(NestedProjects) = preSolution
		{4DA0995E-D6B9-44E8-AEC1-B043B778C161} = {F2A54CCC-8277-4A22-89DC-F55F7549A421}
		{965856A4-6662-4088-9F5C-129012306252} = {6902C858-41C5-435F-892C-D7897CA507BF}
		{6902C858-41C5-435F-892C-D7897CA507BF} = {F4758E7E-771B-4681-B471-C00607DA57E3}
		{44CC763E-B53F-4C7A-84DB-270DB91DE33E} = {790EF633-6687-4349-82A7-DD30375055D3}
		{082F51F3-6269-4795-8ED7-493327EB28C4} = {790EF633-6687-4349-82A7-DD30375055D3}
		{F2A54CCC-8277-4A22-89DC-F55F7549A421} = {F4758E7E-771B-4681-B471-C00607DA57E3}
		{E22E3C1F-9E21-42AD-A0BB-4F9DE31380E7} = {F2A54CCC-8277-4A22-89DC-F55F7549A421}
		{4AB1915A-3418-469B-8EF2-D26281C7B331} = {F2A54CCC-8277-4A22-89DC-F55F7549A421}
		{E58D0F7E-253B-4492-A6FD-DB5F66755B58} = {5B4FED48-A3CD-444B-BF8F-169CE07C2900}
		{4757725B-0780-4B82-A53A-E1B9E3FDC6EF} = {86335D36-40F0-4A61-B2F9-45CE6DEC7904}
		{C4343939-D778-4EE6-9151-DA9B8072D8BA} = {F2A54CCC-8277-4A22-89DC-F55F7549A421}
		{646601B9-B691-4228-AFAC-E9C2066A609F} = {5B4FED48-A3CD-444B-BF8F-169CE07C2900}
	EndGlobalSection
	GlobalSection(ExtensibilityGlobals) = postSolution
		SolutionGuid = {F7B9BAB1-7FAA-4C4F-B5E3-7EE822332016}
	EndGlobalSection
EndGlobal
